
Microsoft Visual Studio Solution File, Format Version 12.00
# Visual Studio Version 17
VisualStudioVersion = 17.14.36212.18 d17.14
MinimumVisualStudioVersion = 10.0.40219.1
Project("{FAE04EC0-301F-11D3-BF4B-00C04F79EFBC}") = "LabExtraC#", "LabExtraC#\LabExtraC#.csproj", "{76AEE9E0-441B-41B6-B9DD-E44B935CF2DB}"
EndProject
Global
	GlobalSection(SolutionConfigurationPlatforms) = preSolution
		Debug|Any CPU = Debug|Any CPU
		Release|Any CPU = Release|Any CPU
	EndGlobalSection
	GlobalSection(ProjectConfigurationPlatforms) = postSolution
		{76AEE9E0-441B-41B6-B9DD-E44B935CF2DB}.Debug|Any CPU.ActiveCfg = Debug|Any CPU
		{76AEE9E0-441B-41B6-B9DD-E44B935CF2DB}.Debug|Any CPU.Build.0 = Debug|Any CPU
		{76AEE9E0-441B-41B6-B9DD-E44B935CF2DB}.Release|Any CPU.ActiveCfg = Release|Any CPU
		{76AEE9E0-441B-41B6-B9DD-E44B935CF2DB}.Release|Any CPU.Build.0 = Release|Any CPU
	EndGlobalSection
	GlobalSection(SolutionProperties) = preSolution
		HideSolutionNode = FALSE
	EndGlobalSection
	GlobalSection(ExtensibilityGlobals) = postSolution
		SolutionGuid = {634631A2-DEB5-46CC-B31A-10ACB9B7706E}
	EndGlobalSection
EndGlobal
